// !$*UTF8*$!
{
	archiveVersion = 1;
	classes = {
	};
	objectVersion = 56;
	objects = {

/* Begin PBXBuildFile section */
		D517E8E42B87E40700AE7C49 /* AppDelegate.swift in Sources */ = {isa = PBXBuildFile; fileRef = D517E8E32B87E40700AE7C49 /* AppDelegate.swift */; };
		D517E8E62B87E40700AE7C49 /* SceneDelegate.swift in Sources */ = {isa = PBXBuildFile; fileRef = D517E8E52B87E40700AE7C49 /* SceneDelegate.swift */; };
		D517E8E82B87E40700AE7C49 /* ViewController.swift in Sources */ = {isa = PBXBuildFile; fileRef = D517E8E72B87E40700AE7C49 /* ViewController.swift */; };
		D517E8EB2B87E40700AE7C49 /* Main.storyboard in Resources */ = {isa = PBXBuildFile; fileRef = D517E8E92B87E40700AE7C49 /* Main.storyboard */; };
		D517E8ED2B87E40800AE7C49 /* Assets.xcassets in Resources */ = {isa = PBXBuildFile; fileRef = D517E8EC2B87E40800AE7C49 /* Assets.xcassets */; };
		D517E8F02B87E40800AE7C49 /* LaunchScreen.storyboard in Resources */ = {isa = PBXBuildFile; fileRef = D517E8EE2B87E40800AE7C49 /* LaunchScreen.storyboard */; };
		FC4FB55165854F6DCED86391 /* Pods_ScanPodsExample.framework in Frameworks */ = {isa = PBXBuildFile; fileRef = CE6E7D96B28746DE2B432F8B /* Pods_ScanPodsExample.framework */; };
/* End PBXBuildFile section */

/* Begin PBXFileReference section */
		5CF35C409B0FD0EF8B8F5507 /* Pods-ScanPodsExample.release.xcconfig */ = {isa = PBXFileReference; includeInIndex = 1; lastKnownFileType = text.xcconfig; name = "Pods-ScanPodsExample.release.xcconfig"; path = "Target Support Files/Pods-ScanPodsExample/Pods-ScanPodsExample.release.xcconfig"; sourceTree = "<group>"; };
		C4A1D5C398D24F4060607A09 /* Pods-ScanPodsExample.debug.xcconfig */ = {isa = PBXFileReference; includeInIndex = 1; lastKnownFileType = text.xcconfig; name = "Pods-ScanPodsExample.debug.xcconfig"; path = "Target Support Files/Pods-ScanPodsExample/Pods-ScanPodsExample.debug.xcconfig"; sourceTree = "<group>"; };
		CE6E7D96B28746DE2B432F8B /* Pods_ScanPodsExample.framework */ = {isa = PBXFileReference; explicitFileType = wrapper.framework; includeInIndex = 0; path = Pods_ScanPodsExample.framework; sourceTree = BUILT_PRODUCTS_DIR; };
		D517E8E02B87E40700AE7C49 /* ScanPodsExample.app */ = {isa = PBXFileReference; explicitFileType = wrapper.application; includeInIndex = 0; path = ScanPodsExample.app; sourceTree = BUILT_PRODUCTS_DIR; };
		D517E8E32B87E40700AE7C49 /* AppDelegate.swift */ = {isa = PBXFileReference; lastKnownFileType = sourcecode.swift; path = AppDelegate.swift; sourceTree = "<group>"; };
		D517E8E52B87E40700AE7C49 /* SceneDelegate.swift */ = {isa = PBXFileReference; lastKnownFileType = sourcecode.swift; path = SceneDelegate.swift; sourceTree = "<group>"; };
		D517E8E72B87E40700AE7C49 /* ViewController.swift */ = {isa = PBXFileReference; lastKnownFileType = sourcecode.swift; path = ViewController.swift; sourceTree = "<group>"; };
		D517E8EA2B87E40700AE7C49 /* Base */ = {isa = PBXFileReference; lastKnownFileType = file.storyboard; name = Base; path = Base.lproj/Main.storyboard; sourceTree = "<group>"; };
		D517E8EC2B87E40800AE7C49 /* Assets.xcassets */ = {isa = PBXFileReference; lastKnownFileType = folder.assetcatalog; path = Assets.xcassets; sourceTree = "<group>"; };
		D517E8EF2B87E40800AE7C49 /* Base */ = {isa = PBXFileReference; lastKnownFileType = file.storyboard; name = Base; path = Base.lproj/LaunchScreen.storyboard; sourceTree = "<group>"; };
		D517E8F12B87E40800AE7C49 /* Info.plist */ = {isa = PBXFileReference; lastKnownFileType = text.plist.xml; path = Info.plist; sourceTree = "<group>"; };
/* End PBXFileReference section */

/* Begin PBXFrameworksBuildPhase section */
		D517E8DD2B87E40700AE7C49 /* Frameworks */ = {
			isa = PBXFrameworksBuildPhase;
			buildActionMask = 2147483647;
			files = (
				FC4FB55165854F6DCED86391 /* Pods_ScanPodsExample.framework in Frameworks */,
			);
			runOnlyForDeploymentPostprocessing = 0;
		};
/* End PBXFrameworksBuildPhase section */

/* Begin PBXGroup section */
		60755A3FCA3B8E13F1F39D7E /* Pods */ = {
			isa = PBXGroup;
			children = (
				C4A1D5C398D24F4060607A09 /* Pods-ScanPodsExample.debug.xcconfig */,
				5CF35C409B0FD0EF8B8F5507 /* Pods-ScanPodsExample.release.xcconfig */,
			);
			path = Pods;
			sourceTree = "<group>";
		};
		D517E8D72B87E40700AE7C49 = {
			isa = PBXGroup;
			children = (
				D517E8E22B87E40700AE7C49 /* ScanPodsExample */,
				D517E8E12B87E40700AE7C49 /* Products */,
				60755A3FCA3B8E13F1F39D7E /* Pods */,
				E055EA87297DBFDB5BEDA6E1 /* Frameworks */,
			);
			sourceTree = "<group>";
		};
		D517E8E12B87E40700AE7C49 /* Products */ = {
			isa = PBXGroup;
			children = (
				D517E8E02B87E40700AE7C49 /* ScanPodsExample.app */,
			);
			name = Products;
			sourceTree = "<group>";
		};
		D517E8E22B87E40700AE7C49 /* ScanPodsExample */ = {
			isa = PBXGroup;
			children = (
				D517E8E32B87E40700AE7C49 /* AppDelegate.swift */,
				D517E8E52B87E40700AE7C49 /* SceneDelegate.swift */,
				D517E8E72B87E40700AE7C49 /* ViewController.swift */,
				D517E8E92B87E40700AE7C49 /* Main.storyboard */,
				D517E8EC2B87E40800AE7C49 /* Assets.xcassets */,
				D517E8EE2B87E40800AE7C49 /* LaunchScreen.storyboard */,
				D517E8F12B87E40800AE7C49 /* Info.plist */,
			);
			path = ScanPodsExample;
			sourceTree = "<group>";
		};
		E055EA87297DBFDB5BEDA6E1 /* Frameworks */ = {
			isa = PBXGroup;
			children = (
				CE6E7D96B28746DE2B432F8B /* Pods_ScanPodsExample.framework */,
			);
			name = Frameworks;
			sourceTree = "<group>";
		};
/* End PBXGroup section */

/* Begin PBXNativeTarget section */
		D517E8DF2B87E40700AE7C49 /* ScanPodsExample */ = {
			isa = PBXNativeTarget;
			buildConfigurationList = D517E8F42B87E40800AE7C49 /* Build configuration list for PBXNativeTarget "ScanPodsExample" */;
			buildPhases = (
				DB6712579981CF929B52D96C /* [CP] Check Pods Manifest.lock */,
				D517E8DC2B87E40700AE7C49 /* Sources */,
				D517E8DD2B87E40700AE7C49 /* Frameworks */,
				D517E8DE2B87E40700AE7C49 /* Resources */,
				A2FD7FAF25A4D302F3D80C3C /* [CP] Embed Pods Frameworks */,
			);
			buildRules = (
			);
			dependencies = (
			);
			name = ScanPodsExample;
			productName = ScanPodsExample;
			productReference = D517E8E02B87E40700AE7C49 /* ScanPodsExample.app */;
			productType = "com.apple.product-type.application";
		};
/* End PBXNativeTarget section */

/* Begin PBXProject section */
		D517E8D82B87E40700AE7C49 /* Project object */ = {
			isa = PBXProject;
			attributes = {
				BuildIndependentTargetsInParallel = 1;
				LastSwiftUpdateCheck = 1520;
				LastUpgradeCheck = 1520;
				TargetAttributes = {
					D517E8DF2B87E40700AE7C49 = {
						CreatedOnToolsVersion = 15.2;
					};
				};
			};
			buildConfigurationList = D517E8DB2B87E40700AE7C49 /* Build configuration list for PBXProject "ScanPodsExample" */;
			compatibilityVersion = "Xcode 14.0";
			developmentRegion = en;
			hasScannedForEncodings = 0;
			knownRegions = (
				en,
				Base,
			);
			mainGroup = D517E8D72B87E40700AE7C49;
			productRefGroup = D517E8E12B87E40700AE7C49 /* Products */;
			projectDirPath = "";
			projectRoot = "";
			targets = (
				D517E8DF2B87E40700AE7C49 /* ScanPodsExample */,
			);
		};
/* End PBXProject section */

/* Begin PBXResourcesBuildPhase section */
		D517E8DE2B87E40700AE7C49 /* Resources */ = {
			isa = PBXResourcesBuildPhase;
			buildActionMask = 2147483647;
			files = (
				D517E8F02B87E40800AE7C49 /* LaunchScreen.storyboard in Resources */,
				D517E8ED2B87E40800AE7C49 /* Assets.xcassets in Resources */,
				D517E8EB2B87E40700AE7C49 /* Main.storyboard in Resources */,
			);
			runOnlyForDeploymentPostprocessing = 0;
		};
/* End PBXResourcesBuildPhase section */

/* Begin PBXShellScriptBuildPhase section */
		A2FD7FAF25A4D302F3D80C3C /* [CP] Embed Pods Frameworks */ = {
			isa = PBXShellScriptBuildPhase;
			buildActionMask = 2147483647;
			files = (
			);
			inputFileListPaths = (
				"${PODS_ROOT}/Target Support Files/Pods-ScanPodsExample/Pods-ScanPodsExample-frameworks-${CONFIGURATION}-input-files.xcfilelist",
			);
			name = "[CP] Embed Pods Frameworks";
			outputFileListPaths = (
				"${PODS_ROOT}/Target Support Files/Pods-ScanPodsExample/Pods-ScanPodsExample-frameworks-${CONFIGURATION}-output-files.xcfilelist",
			);
			runOnlyForDeploymentPostprocessing = 0;
			shellPath = /bin/sh;
			shellScript = "\"${PODS_ROOT}/Target Support Files/Pods-ScanPodsExample/Pods-ScanPodsExample-frameworks.sh\"\n";
			showEnvVarsInLog = 0;
		};
		DB6712579981CF929B52D96C /* [CP] Check Pods Manifest.lock */ = {
			isa = PBXShellScriptBuildPhase;
			buildActionMask = 2147483647;
			files = (
			);
			inputFileListPaths = (
			);
			inputPaths = (
				"${PODS_PODFILE_DIR_PATH}/Podfile.lock",
				"${PODS_ROOT}/Manifest.lock",
			);
			name = "[CP] Check Pods Manifest.lock";
			outputFileListPaths = (
			);
			outputPaths = (
				"$(DERIVED_FILE_DIR)/Pods-ScanPodsExample-checkManifestLockResult.txt",
			);
			runOnlyForDeploymentPostprocessing = 0;
			shellPath = /bin/sh;
			shellScript = "diff \"${PODS_PODFILE_DIR_PATH}/Podfile.lock\" \"${PODS_ROOT}/Manifest.lock\" > /dev/null\nif [ $? != 0 ] ; then\n    # print error to STDERR\n    echo \"error: The sandbox is not in sync with the Podfile.lock. Run 'pod install' or update your CocoaPods installation.\" >&2\n    exit 1\nfi\n# This output is used by Xcode 'outputs' to avoid re-running this script phase.\necho \"SUCCESS\" > \"${SCRIPT_OUTPUT_FILE_0}\"\n";
			showEnvVarsInLog = 0;
		};
/* End PBXShellScriptBuildPhase section */

/* Begin PBXSourcesBuildPhase section */
		D517E8DC2B87E40700AE7C49 /* Sources */ = {
			isa = PBXSourcesBuildPhase;
			buildActionMask = 2147483647;
			files = (
				D517E8E82B87E40700AE7C49 /* ViewController.swift in Sources */,
				D517E8E42B87E40700AE7C49 /* AppDelegate.swift in Sources */,
				D517E8E62B87E40700AE7C49 /* SceneDelegate.swift in Sources */,
			);
			runOnlyForDeploymentPostprocessing = 0;
		};
/* End PBXSourcesBuildPhase section */

/* Begin PBXVariantGroup section */
		D517E8E92B87E40700AE7C49 /* Main.storyboard */ = {
			isa = PBXVariantGroup;
			children = (
				D517E8EA2B87E40700AE7C49 /* Base */,
			);
			name = Main.storyboard;
			sourceTree = "<group>";
		};
		D517E8EE2B87E40800AE7C49 /* LaunchScreen.storyboard */ = {
			isa = PBXVariantGroup;
			children = (
				D517E8EF2B87E40800AE7C49 /* Base */,
			);
			name = LaunchScreen.storyboard;
			sourceTree = "<group>";
		};
/* End PBXVariantGroup section */

/* Begin XCBuildConfiguration section */
		D517E8F22B87E40800AE7C49 /* Debug */ = {
			isa = XCBuildConfiguration;
			buildSettings = {
				ALWAYS_SEARCH_USER_PATHS = NO;
				ASSETCATALOG_COMPILER_GENERATE_SWIFT_ASSET_SYMBOL_EXTENSIONS = YES;
				CLANG_ANALYZER_NONNULL = YES;
				CLANG_ANALYZER_NUMBER_OBJECT_CONVERSION = YES_AGGRESSIVE;
				CLANG_CXX_LANGUAGE_STANDARD = "gnu++20";
				CLANG_ENABLE_MODULES = YES;
				CLANG_ENABLE_OBJC_ARC = YES;
				CLANG_ENABLE_OBJC_WEAK = YES;
				CLANG_WARN_BLOCK_CAPTURE_AUTORELEASING = YES;
				CLANG_WARN_BOOL_CONVERSION = YES;
				CLANG_WARN_COMMA = YES;
				CLANG_WARN_CONSTANT_CONVERSION = YES;
				CLANG_WARN_DEPRECATED_OBJC_IMPLEMENTATIONS = YES;
				CLANG_WARN_DIRECT_OBJC_ISA_USAGE = YES_ERROR;
				CLANG_WARN_DOCUMENTATION_COMMENTS = YES;
				CLANG_WARN_EMPTY_BODY = YES;
				CLANG_WARN_ENUM_CONVERSION = YES;
				CLANG_WARN_INFINITE_RECURSION = YES;
				CLANG_WARN_INT_CONVERSION = YES;
				CLANG_WARN_NON_LITERAL_NULL_CONVERSION = YES;
				CLANG_WARN_OBJC_IMPLICIT_RETAIN_SELF = YES;
				CLANG_WARN_OBJC_LITERAL_CONVERSION = YES;
				CLANG_WARN_OBJC_ROOT_CLASS = YES_ERROR;
				CLANG_WARN_QUOTED_INCLUDE_IN_FRAMEWORK_HEADER = YES;
				CLANG_WARN_RANGE_LOOP_ANALYSIS = YES;
				CLANG_WARN_STRICT_PROTOTYPES = YES;
				CLANG_WARN_SUSPICIOUS_MOVE = YES;
				CLANG_WARN_UNGUARDED_AVAILABILITY = YES_AGGRESSIVE;
				CLANG_WARN_UNREACHABLE_CODE = YES;
				CLANG_WARN__DUPLICATE_METHOD_MATCH = YES;
				COPY_PHASE_STRIP = NO;
				DEBUG_INFORMATION_FORMAT = dwarf;
				ENABLE_STRICT_OBJC_MSGSEND = YES;
				ENABLE_TESTABILITY = YES;
				ENABLE_USER_SCRIPT_SANDBOXING = YES;
				GCC_C_LANGUAGE_STANDARD = gnu17;
				GCC_DYNAMIC_NO_PIC = NO;
				GCC_NO_COMMON_BLOCKS = YES;
				GCC_OPTIMIZATION_LEVEL = 0;
				GCC_PREPROCESSOR_DEFINITIONS = (
					"DEBUG=1",
					"$(inherited)",
				);
				GCC_WARN_64_TO_32_BIT_CONVERSION = YES;
				GCC_WARN_ABOUT_RETURN_TYPE = YES_ERROR;
				GCC_WARN_UNDECLARED_SELECTOR = YES;
				GCC_WARN_UNINITIALIZED_AUTOS = YES_AGGRESSIVE;
				GCC_WARN_UNUSED_FUNCTION = YES;
				GCC_WARN_UNUSED_VARIABLE = YES;
				IPHONEOS_DEPLOYMENT_TARGET = 17.2;
				LOCALIZATION_PREFERS_STRING_CATALOGS = YES;
				MTL_ENABLE_DEBUG_INFO = INCLUDE_SOURCE;
				MTL_FAST_MATH = YES;
				ONLY_ACTIVE_ARCH = YES;
				SDKROOT = iphoneos;
				SWIFT_ACTIVE_COMPILATION_CONDITIONS = "DEBUG $(inherited)";
				SWIFT_OPTIMIZATION_LEVEL = "-Onone";
			};
			name = Debug;
		};
		D517E8F32B87E40800AE7C49 /* Release */ = {
			isa = XCBuildConfiguration;
			buildSettings = {
				ALWAYS_SEARCH_USER_PATHS = NO;
				ASSETCATALOG_COMPILER_GENERATE_SWIFT_ASSET_SYMBOL_EXTENSIONS = YES;
				CLANG_ANALYZER_NONNULL = YES;
				CLANG_ANALYZER_NUMBER_OBJECT_CONVERSION = YES_AGGRESSIVE;
				CLANG_CXX_LANGUAGE_STANDARD = "gnu++20";
				CLANG_ENABLE_MODULES = YES;
				CLANG_ENABLE_OBJC_ARC = YES;
				CLANG_ENABLE_OBJC_WEAK = YES;
				CLANG_WARN_BLOCK_CAPTURE_AUTORELEASING = YES;
				CLANG_WARN_BOOL_CONVERSION = YES;
				CLANG_WARN_COMMA = YES;
				CLANG_WARN_CONSTANT_CONVERSION = YES;
				CLANG_WARN_DEPRECATED_OBJC_IMPLEMENTATIONS = YES;
				CLANG_WARN_DIRECT_OBJC_ISA_USAGE = YES_ERROR;
				CLANG_WARN_DOCUMENTATION_COMMENTS = YES;
				CLANG_WARN_EMPTY_BODY = YES;
				CLANG_WARN_ENUM_CONVERSION = YES;
				CLANG_WARN_INFINITE_RECURSION = YES;
				CLANG_WARN_INT_CONVERSION = YES;
				CLANG_WARN_NON_LITERAL_NULL_CONVERSION = YES;
				CLANG_WARN_OBJC_IMPLICIT_RETAIN_SELF = YES;
				CLANG_WARN_OBJC_LITERAL_CONVERSION = YES;
				CLANG_WARN_OBJC_ROOT_CLASS = YES_ERROR;
				CLANG_WARN_QUOTED_INCLUDE_IN_FRAMEWORK_HEADER = YES;
				CLANG_WARN_RANGE_LOOP_ANALYSIS = YES;
				CLANG_WARN_STRICT_PROTOTYPES = YES;
				CLANG_WARN_SUSPICIOUS_MOVE = YES;
				CLANG_WARN_UNGUARDED_AVAILABILITY = YES_AGGRESSIVE;
				CLANG_WARN_UNREACHABLE_CODE = YES;
				CLANG_WARN__DUPLICATE_METHOD_MATCH = YES;
				COPY_PHASE_STRIP = NO;
				DEBUG_INFORMATION_FORMAT = "dwarf-with-dsym";
				ENABLE_NS_ASSERTIONS = NO;
				ENABLE_STRICT_OBJC_MSGSEND = YES;
				ENABLE_USER_SCRIPT_SANDBOXING = YES;
				GCC_C_LANGUAGE_STANDARD = gnu17;
				GCC_NO_COMMON_BLOCKS = YES;
				GCC_WARN_64_TO_32_BIT_CONVERSION = YES;
				GCC_WARN_ABOUT_RETURN_TYPE = YES_ERROR;
				GCC_WARN_UNDECLARED_SELECTOR = YES;
				GCC_WARN_UNINITIALIZED_AUTOS = YES_AGGRESSIVE;
				GCC_WARN_UNUSED_FUNCTION = YES;
				GCC_WARN_UNUSED_VARIABLE = YES;
				IPHONEOS_DEPLOYMENT_TARGET = 17.2;
				LOCALIZATION_PREFERS_STRING_CATALOGS = YES;
				MTL_ENABLE_DEBUG_INFO = NO;
				MTL_FAST_MATH = YES;
				SDKROOT = iphoneos;
				SWIFT_COMPILATION_MODE = wholemodule;
				VALIDATE_PRODUCT = YES;
			};
			name = Release;
		};
		D517E8F52B87E40800AE7C49 /* Debug */ = {
			isa = XCBuildConfiguration;
			baseConfigurationReference = C4A1D5C398D24F4060607A09 /* Pods-ScanPodsExample.debug.xcconfig */;
			buildSettings = {
				ASSETCATALOG_COMPILER_APPICON_NAME = AppIcon;
				ASSETCATALOG_COMPILER_GLOBAL_ACCENT_COLOR_NAME = AccentColor;
				CODE_SIGN_STYLE = Automatic;
				CURRENT_PROJECT_VERSION = 1;
				DEVELOPMENT_TEAM = MM4N959BB5;
				GENERATE_INFOPLIST_FILE = YES;
				INFOPLIST_FILE = ScanPodsExample/Info.plist;
				INFOPLIST_KEY_UIApplicationSupportsIndirectInputEvents = YES;
				INFOPLIST_KEY_UILaunchStoryboardName = LaunchScreen;
				INFOPLIST_KEY_UIMainStoryboardFile = Main;
				INFOPLIST_KEY_UISupportedInterfaceOrientations_iPad = "UIInterfaceOrientationPortrait UIInterfaceOrientationPortraitUpsideDown UIInterfaceOrientationLandscapeLeft UIInterfaceOrientationLandscapeRight";
				INFOPLIST_KEY_UISupportedInterfaceOrientations_iPhone = "UIInterfaceOrientationPortrait UIInterfaceOrientationLandscapeLeft UIInterfaceOrientationLandscapeRight";
				IPHONEOS_DEPLOYMENT_TARGET = 17.0;
				LD_RUNPATH_SEARCH_PATHS = (
					"$(inherited)",
					"@executable_path/Frameworks",
				);
				MARKETING_VERSION = 1.0;
				PRODUCT_BUNDLE_IDENTIFIER = didisouzacosta.ScanPodsExample;
				PRODUCT_NAME = "$(TARGET_NAME)";
				SWIFT_EMIT_LOC_STRINGS = YES;
				SWIFT_VERSION = 5.0;
				TARGETED_DEVICE_FAMILY = "1,2";
			};
			name = Debug;
		};
		D517E8F62B87E40800AE7C49 /* Release */ = {
			isa = XCBuildConfiguration;
			baseConfigurationReference = 5CF35C409B0FD0EF8B8F5507 /* Pods-ScanPodsExample.release.xcconfig */;
			buildSettings = {
				ASSETCATALOG_COMPILER_APPICON_NAME = AppIcon;
				ASSETCATALOG_COMPILER_GLOBAL_ACCENT_COLOR_NAME = AccentColor;
				CODE_SIGN_STYLE = Automatic;
				CURRENT_PROJECT_VERSION = 1;
				DEVELOPMENT_TEAM = MM4N959BB5;
				GENERATE_INFOPLIST_FILE = YES;
				INFOPLIST_FILE = ScanPodsExample/Info.plist;
				INFOPLIST_KEY_UIApplicationSupportsIndirectInputEvents = YES;
				INFOPLIST_KEY_UILaunchStoryboardName = LaunchScreen;
				INFOPLIST_KEY_UIMainStoryboardFile = Main;
				INFOPLIST_KEY_UISupportedInterfaceOrientations_iPad = "UIInterfaceOrientationPortrait UIInterfaceOrientationPortraitUpsideDown UIInterfaceOrientationLandscapeLeft UIInterfaceOrientationLandscapeRight";
				INFOPLIST_KEY_UISupportedInterfaceOrientations_iPhone = "UIInterfaceOrientationPortrait UIInterfaceOrientationLandscapeLeft UIInterfaceOrientationLandscapeRight";
				IPHONEOS_DEPLOYMENT_TARGET = 17.0;
				LD_RUNPATH_SEARCH_PATHS = (
					"$(inherited)",
					"@executable_path/Frameworks",
				);
				MARKETING_VERSION = 1.0;
				PRODUCT_BUNDLE_IDENTIFIER = didisouzacosta.ScanPodsExample;
				PRODUCT_NAME = "$(TARGET_NAME)";
				SWIFT_EMIT_LOC_STRINGS = YES;
				SWIFT_VERSION = 5.0;
				TARGETED_DEVICE_FAMILY = "1,2";
			};
			name = Release;
		};
/* End XCBuildConfiguration section */

/* Begin XCConfigurationList section */
		D517E8DB2B87E40700AE7C49 /* Build configuration list for PBXProject "ScanPodsExample" */ = {
			isa = XCConfigurationList;
			buildConfigurations = (
				D517E8F22B87E40800AE7C49 /* Debug */,
				D517E8F32B87E40800AE7C49 /* Release */,
			);
			defaultConfigurationIsVisible = 0;
			defaultConfigurationName = Release;
		};
		D517E8F42B87E40800AE7C49 /* Build configuration list for PBXNativeTarget "ScanPodsExample" */ = {
			isa = XCConfigurationList;
			buildConfigurations = (
				D517E8F52B87E40800AE7C49 /* Debug */,
				D517E8F62B87E40800AE7C49 /* Release */,
			);
			defaultConfigurationIsVisible = 0;
			defaultConfigurationName = Release;
		};
/* End XCConfigurationList section */
	};
	rootObject = D517E8D82B87E40700AE7C49 /* Project object */;
}
